
Microsoft Visual Studio Solution File, Format Version 12.00
# Visual Studio Version 17
VisualStudioVersion = 17.9.34622.214
MinimumVisualStudioVersion = 10.0.40219.1
Project("{9A19103F-16F7-4668-BE54-9A1E7A4F7556}") = "astc-converter-cs", "ConsoleApp2\astc-converter-cs.csproj", "{5211518D-9AC0-4976-944F-7768141DD4D5}"
EndProject
Project("{2150E333-8FDC-42A3-9474-1A3956D46DE8}") = "ソリューション項目", "ソリューション項目", "{74BF4183-F356-4D7D-BA8E-C9FB0800E64F}"
EndProject
Global
	GlobalSection(SolutionConfigurationPlatforms) = preSolution
		Debug|Any CPU = Debug|Any CPU
		Release|Any CPU = Release|Any CPU
	EndGlobalSection
	GlobalSection(ProjectConfigurationPlatforms) = postSolution
		{5211518D-9AC0-4976-944F-7768141DD4D5}.Debug|Any CPU.ActiveCfg = Debug|Any CPU
		{5211518D-9AC0-4976-944F-7768141DD4D5}.Debug|Any CPU.Build.0 = Debug|Any CPU
		{5211518D-9AC0-4976-944F-7768141DD4D5}.Release|Any CPU.ActiveCfg = Release|Any CPU
		{5211518D-9AC0-4976-944F-7768141DD4D5}.Release|Any CPU.Build.0 = Release|Any CPU
	EndGlobalSection
	GlobalSection(SolutionProperties) = preSolution
		HideSolutionNode = FALSE
	EndGlobalSection
	GlobalSection(ExtensibilityGlobals) = postSolution
		SolutionGuid = {D8461A39-D197-4DEF-8636-364F66287053}
	EndGlobalSection
EndGlobal
